// !$*UTF8*$!
{
	archiveVersion = 1;
	classes = {
	};
	objectVersion = 46;
	objects = {

/* Begin PBXBuildFile section */
		2787391A43C2B5C6D4F6CFE3 /* libPods.a in Frameworks */ = {isa = PBXBuildFile; fileRef = FFF5C92BCB1799B60751ECA8 /* libPods.a */; };
		FE19F94C1C394696009986FE /* BasicGuide.md in Sources */ = {isa = PBXBuildFile; fileRef = FE19F9441C394696009986FE /* BasicGuide.md */; };
		FE19F94D1C394696009986FE /* FunNameApi.m in Sources */ = {isa = PBXBuildFile; fileRef = FE19F9461C394696009986FE /* FunNameApi.m */; };
		FE19F94E1C394696009986FE /* GetImageApi.m in Sources */ = {isa = PBXBuildFile; fileRef = FE19F9481C394696009986FE /* GetImageApi.m */; };
		FE19F94F1C394696009986FE /* ProGuide.md in Sources */ = {isa = PBXBuildFile; fileRef = FE19F9491C394696009986FE /* ProGuide.md */; };
		FE19F9501C394696009986FE /* UploadImageApi.m in Sources */ = {isa = PBXBuildFile; fileRef = FE19F94B1C394696009986FE /* UploadImageApi.m */; };
		FE19F95C1C3954CE009986FE /* UIImage+Clip.m in Sources */ = {isa = PBXBuildFile; fileRef = FE19F95B1C3954CE009986FE /* UIImage+Clip.m */; };
		FE19F95F1C395508009986FE /* NSString+Random.m in Sources */ = {isa = PBXBuildFile; fileRef = FE19F95E1C395508009986FE /* NSString+Random.m */; };
		FE19F9771C395D42009986FE /* ObjBase.m in Sources */ = {isa = PBXBuildFile; fileRef = FE19F9721C395D42009986FE /* ObjBase.m */; };
		FE19F9781C395D42009986FE /* ObjJSON.m in Sources */ = {isa = PBXBuildFile; fileRef = FE19F9741C395D42009986FE /* ObjJSON.m */; };
		FE19F9791C395D42009986FE /* ObjList.m in Sources */ = {isa = PBXBuildFile; fileRef = FE19F9761C395D42009986FE /* ObjList.m */; };
		FE19F97D1C39CEBC009986FE /* Omnes_Light.ttf in Resources */ = {isa = PBXBuildFile; fileRef = FE19F97B1C39CEBC009986FE /* Omnes_Light.ttf */; };
		FE19F97E1C39CEBC009986FE /* Omnes_Medium.ttf in Resources */ = {isa = PBXBuildFile; fileRef = FE19F97C1C39CEBC009986FE /* Omnes_Medium.ttf */; };
		FE19F9911C39CF1D009986FE /* JSBHttpActionBase.m in Sources */ = {isa = PBXBuildFile; fileRef = FE19F9811C39CF1D009986FE /* JSBHttpActionBase.m */; };
		FE19F9921C39CF1D009986FE /* JSBHttpActionManager.m in Sources */ = {isa = PBXBuildFile; fileRef = FE19F9831C39CF1D009986FE /* JSBHttpActionManager.m */; };
		FE19F9931C39CF1D009986FE /* JSBHttpResponseResult.m in Sources */ = {isa = PBXBuildFile; fileRef = FE19F9851C39CF1D009986FE /* JSBHttpResponseResult.m */; };
		FE19F9941C39CF1D009986FE /* GetUserInfoWithIDAction.m in Sources */ = {isa = PBXBuildFile; fileRef = FE19F9881C39CF1D009986FE /* GetUserInfoWithIDAction.m */; };
		FE19F9951C39CF1D009986FE /* SignOutAction.m in Sources */ = {isa = PBXBuildFile; fileRef = FE19F98A1C39CF1D009986FE /* SignOutAction.m */; };
		FE19F9961C39CF1D009986FE /* SignUpAction.m in Sources */ = {isa = PBXBuildFile; fileRef = FE19F98C1C39CF1D009986FE /* SignUpAction.m */; };
		FE19F9971C39CF1D009986FE /* TestHttpAction.m in Sources */ = {isa = PBXBuildFile; fileRef = FE19F98E1C39CF1D009986FE /* TestHttpAction.m */; };
		FE19F9981C39CF1D009986FE /* ValidationAction.m in Sources */ = {isa = PBXBuildFile; fileRef = FE19F9901C39CF1D009986FE /* ValidationAction.m */; };
		FE19F99B1C39CF4D009986FE /* FontUsage.m in Sources */ = {isa = PBXBuildFile; fileRef = FE19F99A1C39CF4D009986FE /* FontUsage.m */; };
		FE19F99F1C39D393009986FE /* KeychainItemWrapper.m in Sources */ = {isa = PBXBuildFile; fileRef = FE19F99E1C39D393009986FE /* KeychainItemWrapper.m */; settings = {COMPILER_FLAGS = "-fno-objc-arc"; }; };
		FE19F9A21C39D3BD009986FE /* KeychainUsage.m in Sources */ = {isa = PBXBuildFile; fileRef = FE19F9A11C39D3BD009986FE /* KeychainUsage.m */; };
		FE19F9A61C39E551009986FE /* JSBNotificationName.m in Sources */ = {isa = PBXBuildFile; fileRef = FE19F9A51C39E551009986FE /* JSBNotificationName.m */; };
		FE19F9AC1C39E69B009986FE /* JSBDeviceInfo.m in Sources */ = {isa = PBXBuildFile; fileRef = FE19F9AB1C39E69B009986FE /* JSBDeviceInfo.m */; };
		FE19F9AF1C39E6A7009986FE /* JSBProjectInfo.m in Sources */ = {isa = PBXBuildFile; fileRef = FE19F9AE1C39E6A7009986FE /* JSBProjectInfo.m */; };
		FE19F9B21C3B09C6009986FE /* UIDevice+HardwareName.m in Sources */ = {isa = PBXBuildFile; fileRef = FE19F9B11C3B09C6009986FE /* UIDevice+HardwareName.m */; };
		FE19F9B51C3B0B9F009986FE /* UIColor+JSBProject.m in Sources */ = {isa = PBXBuildFile; fileRef = FE19F9B41C3B0B9F009986FE /* UIColor+JSBProject.m */; };
		FE19F9B81C3B0BB0009986FE /* UIFont+JSBProject.m in Sources */ = {isa = PBXBuildFile; fileRef = FE19F9B71C3B0BB0009986FE /* UIFont+JSBProject.m */; };
		FE19F9BB1C3B0E80009986FE /* UIColor+JS.m in Sources */ = {isa = PBXBuildFile; fileRef = FE19F9BA1C3B0E80009986FE /* UIColor+JS.m */; };
		FE2ABBE81BAEBAA4005CA114 /* main.m in Sources */ = {isa = PBXBuildFile; fileRef = FE2ABBE51BAEBAA4005CA114 /* main.m */; };
		FE2ABBE91BAEBAA4005CA114 /* thirdPartyLink.txt in Resources */ = {isa = PBXBuildFile; fileRef = FE2ABBE61BAEBAA4005CA114 /* thirdPartyLink.txt */; };
		FE2ABBF01BAEBEBB005CA114 /* Info.plist in Resources */ = {isa = PBXBuildFile; fileRef = FE2ABBEE1BAEBEBB005CA114 /* Info.plist */; };
		FE5F2D081BAEE4E10067A64E /* JSBitMask.m in Sources */ = {isa = PBXBuildFile; fileRef = FE5F2D071BAEE4E10067A64E /* JSBitMask.m */; };
		FE5F2D0E1BAEE9060067A64E /* JSBUserDefaults.m in Sources */ = {isa = PBXBuildFile; fileRef = FE5F2D0D1BAEE9060067A64E /* JSBUserDefaults.m */; };
		FE927F401BAE41BC00233E96 /* AppDelegate.m in Sources */ = {isa = PBXBuildFile; fileRef = FE927F3F1BAE41BC00233E96 /* AppDelegate.m */; };
		FE927F461BAE41BC00233E96 /* Main.storyboard in Resources */ = {isa = PBXBuildFile; fileRef = FE927F441BAE41BC00233E96 /* Main.storyboard */; };
		FE927F481BAE41BD00233E96 /* Assets.xcassets in Resources */ = {isa = PBXBuildFile; fileRef = FE927F471BAE41BD00233E96 /* Assets.xcassets */; };
		FE927F4B1BAE41BD00233E96 /* LaunchScreen.storyboard in Resources */ = {isa = PBXBuildFile; fileRef = FE927F491BAE41BD00233E96 /* LaunchScreen.storyboard */; };
		FE927F561BAE41BD00233E96 /* JSBProjectBaseTests.m in Sources */ = {isa = PBXBuildFile; fileRef = FE927F551BAE41BD00233E96 /* JSBProjectBaseTests.m */; };
		FEB1B4FD1C375378003536C1 /* citydata.plist in Resources */ = {isa = PBXBuildFile; fileRef = FEB1B4FC1C375378003536C1 /* citydata.plist */; };
		FEB1B5011C3753F6003536C1 /* Localizable.strings in Resources */ = {isa = PBXBuildFile; fileRef = FEB1B5031C3753F6003536C1 /* Localizable.strings */; };
		FEB1B50D1C376360003536C1 /* ObjBook.m in Sources */ = {isa = PBXBuildFile; fileRef = FEB1B50A1C376360003536C1 /* ObjBook.m */; };
		FEB1B50E1C376360003536C1 /* ObjStudent.m in Sources */ = {isa = PBXBuildFile; fileRef = FEB1B50C1C376360003536C1 /* ObjStudent.m */; };
		FEB1B5121C3763BB003536C1 /* ObjUser.m in Sources */ = {isa = PBXBuildFile; fileRef = FEB1B5111C3763BB003536C1 /* ObjUser.m */; };
		FEB1B5151C3768C6003536C1 /* ObjUserPhone.m in Sources */ = {isa = PBXBuildFile; fileRef = FEB1B5141C3768C6003536C1 /* ObjUserPhone.m */; };
/* End PBXBuildFile section */

/* Begin PBXContainerItemProxy section */
		FE927F521BAE41BD00233E96 /* PBXContainerItemProxy */ = {
			isa = PBXContainerItemProxy;
			containerPortal = FE927F301BAE41BC00233E96 /* Project object */;
			proxyType = 1;
			remoteGlobalIDString = FE927F371BAE41BC00233E96;
			remoteInfo = JSBProjectBase;
		};
/* End PBXContainerItemProxy section */

/* Begin PBXFileReference section */
		4521D41A0D2CB85E7DB2A7DB /* Pods.release.xcconfig */ = {isa = PBXFileReference; includeInIndex = 1; lastKnownFileType = text.xcconfig; name = Pods.release.xcconfig; path = "Pods/Target Support Files/Pods/Pods.release.xcconfig"; sourceTree = "<group>"; };
		476334E3194AC39784D798F5 /* Pods.debug.xcconfig */ = {isa = PBXFileReference; includeInIndex = 1; lastKnownFileType = text.xcconfig; name = Pods.debug.xcconfig; path = "Pods/Target Support Files/Pods/Pods.debug.xcconfig"; sourceTree = "<group>"; };
		FE19F9441C394696009986FE /* BasicGuide.md */ = {isa = PBXFileReference; fileEncoding = 4; lastKnownFileType = net.daringfireball.markdown; path = BasicGuide.md; sourceTree = "<group>"; };
		FE19F9451C394696009986FE /* FunNameApi.h */ = {isa = PBXFileReference; fileEncoding = 4; lastKnownFileType = sourcecode.c.h; path = FunNameApi.h; sourceTree = "<group>"; };
		FE19F9461C394696009986FE /* FunNameApi.m */ = {isa = PBXFileReference; fileEncoding = 4; lastKnownFileType = sourcecode.c.objc; path = FunNameApi.m; sourceTree = "<group>"; };
		FE19F9471C394696009986FE /* GetImageApi.h */ = {isa = PBXFileReference; fileEncoding = 4; lastKnownFileType = sourcecode.c.h; path = GetImageApi.h; sourceTree = "<group>"; };
		FE19F9481C394696009986FE /* GetImageApi.m */ = {isa = PBXFileReference; fileEncoding = 4; lastKnownFileType = sourcecode.c.objc; path = GetImageApi.m; sourceTree = "<group>"; };
		FE19F9491C394696009986FE /* ProGuide.md */ = {isa = PBXFileReference; fileEncoding = 4; lastKnownFileType = net.daringfireball.markdown; path = ProGuide.md; sourceTree = "<group>"; };
		FE19F94A1C394696009986FE /* UploadImageApi.h */ = {isa = PBXFileReference; fileEncoding = 4; lastKnownFileType = sourcecode.c.h; path = UploadImageApi.h; sourceTree = "<group>"; };
		FE19F94B1C394696009986FE /* UploadImageApi.m */ = {isa = PBXFileReference; fileEncoding = 4; lastKnownFileType = sourcecode.c.objc; path = UploadImageApi.m; sourceTree = "<group>"; };
		FE19F95A1C3954CE009986FE /* UIImage+Clip.h */ = {isa = PBXFileReference; fileEncoding = 4; lastKnownFileType = sourcecode.c.h; path = "UIImage+Clip.h"; sourceTree = "<group>"; };
		FE19F95B1C3954CE009986FE /* UIImage+Clip.m */ = {isa = PBXFileReference; fileEncoding = 4; lastKnownFileType = sourcecode.c.objc; path = "UIImage+Clip.m"; sourceTree = "<group>"; };
		FE19F95D1C395508009986FE /* NSString+Random.h */ = {isa = PBXFileReference; fileEncoding = 4; lastKnownFileType = sourcecode.c.h; path = "NSString+Random.h"; sourceTree = "<group>"; };
		FE19F95E1C395508009986FE /* NSString+Random.m */ = {isa = PBXFileReference; fileEncoding = 4; lastKnownFileType = sourcecode.c.objc; path = "NSString+Random.m"; sourceTree = "<group>"; };
		FE19F9711C395D42009986FE /* ObjBase.h */ = {isa = PBXFileReference; fileEncoding = 4; lastKnownFileType = sourcecode.c.h; path = ObjBase.h; sourceTree = "<group>"; };
		FE19F9721C395D42009986FE /* ObjBase.m */ = {isa = PBXFileReference; fileEncoding = 4; lastKnownFileType = sourcecode.c.objc; path = ObjBase.m; sourceTree = "<group>"; };
		FE19F9731C395D42009986FE /* ObjJSON.h */ = {isa = PBXFileReference; fileEncoding = 4; lastKnownFileType = sourcecode.c.h; path = ObjJSON.h; sourceTree = "<group>"; };
		FE19F9741C395D42009986FE /* ObjJSON.m */ = {isa = PBXFileReference; fileEncoding = 4; lastKnownFileType = sourcecode.c.objc; path = ObjJSON.m; sourceTree = "<group>"; };
		FE19F9751C395D42009986FE /* ObjList.h */ = {isa = PBXFileReference; fileEncoding = 4; lastKnownFileType = sourcecode.c.h; path = ObjList.h; sourceTree = "<group>"; };
		FE19F9761C395D42009986FE /* ObjList.m */ = {isa = PBXFileReference; fileEncoding = 4; lastKnownFileType = sourcecode.c.objc; path = ObjList.m; sourceTree = "<group>"; };
		FE19F97B1C39CEBC009986FE /* Omnes_Light.ttf */ = {isa = PBXFileReference; lastKnownFileType = file; path = Omnes_Light.ttf; sourceTree = "<group>"; };
		FE19F97C1C39CEBC009986FE /* Omnes_Medium.ttf */ = {isa = PBXFileReference; lastKnownFileType = file; path = Omnes_Medium.ttf; sourceTree = "<group>"; };
		FE19F9801C39CF1D009986FE /* JSBHttpActionBase.h */ = {isa = PBXFileReference; fileEncoding = 4; lastKnownFileType = sourcecode.c.h; path = JSBHttpActionBase.h; sourceTree = "<group>"; };
		FE19F9811C39CF1D009986FE /* JSBHttpActionBase.m */ = {isa = PBXFileReference; fileEncoding = 4; lastKnownFileType = sourcecode.c.objc; path = JSBHttpActionBase.m; sourceTree = "<group>"; };
		FE19F9821C39CF1D009986FE /* JSBHttpActionManager.h */ = {isa = PBXFileReference; fileEncoding = 4; lastKnownFileType = sourcecode.c.h; path = JSBHttpActionManager.h; sourceTree = "<group>"; };
		FE19F9831C39CF1D009986FE /* JSBHttpActionManager.m */ = {isa = PBXFileReference; fileEncoding = 4; lastKnownFileType = sourcecode.c.objc; path = JSBHttpActionManager.m; sourceTree = "<group>"; };
		FE19F9841C39CF1D009986FE /* JSBHttpResponseResult.h */ = {isa = PBXFileReference; fileEncoding = 4; lastKnownFileType = sourcecode.c.h; path = JSBHttpResponseResult.h; sourceTree = "<group>"; };
		FE19F9851C39CF1D009986FE /* JSBHttpResponseResult.m */ = {isa = PBXFileReference; fileEncoding = 4; lastKnownFileType = sourcecode.c.objc; path = JSBHttpResponseResult.m; sourceTree = "<group>"; };
		FE19F9871C39CF1D009986FE /* GetUserInfoWithIDAction.h */ = {isa = PBXFileReference; fileEncoding = 4; lastKnownFileType = sourcecode.c.h; path = GetUserInfoWithIDAction.h; sourceTree = "<group>"; };
		FE19F9881C39CF1D009986FE /* GetUserInfoWithIDAction.m */ = {isa = PBXFileReference; fileEncoding = 4; lastKnownFileType = sourcecode.c.objc; path = GetUserInfoWithIDAction.m; sourceTree = "<group>"; };
		FE19F9891C39CF1D009986FE /* SignOutAction.h */ = {isa = PBXFileReference; fileEncoding = 4; lastKnownFileType = sourcecode.c.h; path = SignOutAction.h; sourceTree = "<group>"; };
		FE19F98A1C39CF1D009986FE /* SignOutAction.m */ = {isa = PBXFileReference; fileEncoding = 4; lastKnownFileType = sourcecode.c.objc; path = SignOutAction.m; sourceTree = "<group>"; };
		FE19F98B1C39CF1D009986FE /* SignUpAction.h */ = {isa = PBXFileReference; fileEncoding = 4; lastKnownFileType = sourcecode.c.h; path = SignUpAction.h; sourceTree = "<group>"; };
		FE19F98C1C39CF1D009986FE /* SignUpAction.m */ = {isa = PBXFileReference; fileEncoding = 4; lastKnownFileType = sourcecode.c.objc; path = SignUpAction.m; sourceTree = "<group>"; };
		FE19F98D1C39CF1D009986FE /* TestHttpAction.h */ = {isa = PBXFileReference; fileEncoding = 4; lastKnownFileType = sourcecode.c.h; path = TestHttpAction.h; sourceTree = "<group>"; };
		FE19F98E1C39CF1D009986FE /* TestHttpAction.m */ = {isa = PBXFileReference; fileEncoding = 4; lastKnownFileType = sourcecode.c.objc; path = TestHttpAction.m; sourceTree = "<group>"; };
		FE19F98F1C39CF1D009986FE /* ValidationAction.h */ = {isa = PBXFileReference; fileEncoding = 4; lastKnownFileType = sourcecode.c.h; path = ValidationAction.h; sourceTree = "<group>"; };
		FE19F9901C39CF1D009986FE /* ValidationAction.m */ = {isa = PBXFileReference; fileEncoding = 4; lastKnownFileType = sourcecode.c.objc; path = ValidationAction.m; sourceTree = "<group>"; };
		FE19F9991C39CF4D009986FE /* FontUsage.h */ = {isa = PBXFileReference; fileEncoding = 4; lastKnownFileType = sourcecode.c.h; path = FontUsage.h; sourceTree = "<group>"; };
		FE19F99A1C39CF4D009986FE /* FontUsage.m */ = {isa = PBXFileReference; fileEncoding = 4; lastKnownFileType = sourcecode.c.objc; path = FontUsage.m; sourceTree = "<group>"; };
		FE19F99D1C39D393009986FE /* KeychainItemWrapper.h */ = {isa = PBXFileReference; fileEncoding = 4; lastKnownFileType = sourcecode.c.h; path = KeychainItemWrapper.h; sourceTree = "<group>"; };
		FE19F99E1C39D393009986FE /* KeychainItemWrapper.m */ = {isa = PBXFileReference; fileEncoding = 4; lastKnownFileType = sourcecode.c.objc; path = KeychainItemWrapper.m; sourceTree = "<group>"; };
		FE19F9A01C39D3BD009986FE /* KeychainUsage.h */ = {isa = PBXFileReference; fileEncoding = 4; lastKnownFileType = sourcecode.c.h; path = KeychainUsage.h; sourceTree = "<group>"; };
		FE19F9A11C39D3BD009986FE /* KeychainUsage.m */ = {isa = PBXFileReference; fileEncoding = 4; lastKnownFileType = sourcecode.c.objc; path = KeychainUsage.m; sourceTree = "<group>"; };
		FE19F9A41C39E551009986FE /* JSBNotificationName.h */ = {isa = PBXFileReference; fileEncoding = 4; lastKnownFileType = sourcecode.c.h; path = JSBNotificationName.h; sourceTree = "<group>"; };
		FE19F9A51C39E551009986FE /* JSBNotificationName.m */ = {isa = PBXFileReference; fileEncoding = 4; lastKnownFileType = sourcecode.c.objc; path = JSBNotificationName.m; sourceTree = "<group>"; };
		FE19F9AA1C39E69B009986FE /* JSBDeviceInfo.h */ = {isa = PBXFileReference; fileEncoding = 4; lastKnownFileType = sourcecode.c.h; path = JSBDeviceInfo.h; sourceTree = "<group>"; };
		FE19F9AB1C39E69B009986FE /* JSBDeviceInfo.m */ = {isa = PBXFileReference; fileEncoding = 4; lastKnownFileType = sourcecode.c.objc; path = JSBDeviceInfo.m; sourceTree = "<group>"; };
		FE19F9AD1C39E6A7009986FE /* JSBProjectInfo.h */ = {isa = PBXFileReference; fileEncoding = 4; lastKnownFileType = sourcecode.c.h; path = JSBProjectInfo.h; sourceTree = "<group>"; };
		FE19F9AE1C39E6A7009986FE /* JSBProjectInfo.m */ = {isa = PBXFileReference; fileEncoding = 4; lastKnownFileType = sourcecode.c.objc; path = JSBProjectInfo.m; sourceTree = "<group>"; };
		FE19F9B01C3B09C6009986FE /* UIDevice+HardwareName.h */ = {isa = PBXFileReference; fileEncoding = 4; lastKnownFileType = sourcecode.c.h; path = "UIDevice+HardwareName.h"; sourceTree = "<group>"; };
		FE19F9B11C3B09C6009986FE /* UIDevice+HardwareName.m */ = {isa = PBXFileReference; fileEncoding = 4; lastKnownFileType = sourcecode.c.objc; path = "UIDevice+HardwareName.m"; sourceTree = "<group>"; };
		FE19F9B31C3B0B9F009986FE /* UIColor+JSBProject.h */ = {isa = PBXFileReference; fileEncoding = 4; lastKnownFileType = sourcecode.c.h; path = "UIColor+JSBProject.h"; sourceTree = "<group>"; };
		FE19F9B41C3B0B9F009986FE /* UIColor+JSBProject.m */ = {isa = PBXFileReference; fileEncoding = 4; lastKnownFileType = sourcecode.c.objc; path = "UIColor+JSBProject.m"; sourceTree = "<group>"; };
		FE19F9B61C3B0BB0009986FE /* UIFont+JSBProject.h */ = {isa = PBXFileReference; fileEncoding = 4; lastKnownFileType = sourcecode.c.h; path = "UIFont+JSBProject.h"; sourceTree = "<group>"; };
		FE19F9B71C3B0BB0009986FE /* UIFont+JSBProject.m */ = {isa = PBXFileReference; fileEncoding = 4; lastKnownFileType = sourcecode.c.objc; path = "UIFont+JSBProject.m"; sourceTree = "<group>"; };
		FE19F9B91C3B0E80009986FE /* UIColor+JS.h */ = {isa = PBXFileReference; fileEncoding = 4; lastKnownFileType = sourcecode.c.h; path = "UIColor+JS.h"; sourceTree = "<group>"; };
		FE19F9BA1C3B0E80009986FE /* UIColor+JS.m */ = {isa = PBXFileReference; fileEncoding = 4; lastKnownFileType = sourcecode.c.objc; path = "UIColor+JS.m"; sourceTree = "<group>"; };
		FE2ABBE51BAEBAA4005CA114 /* main.m */ = {isa = PBXFileReference; fileEncoding = 4; lastKnownFileType = sourcecode.c.objc; path = main.m; sourceTree = "<group>"; };
		FE2ABBE61BAEBAA4005CA114 /* thirdPartyLink.txt */ = {isa = PBXFileReference; fileEncoding = 4; lastKnownFileType = text; path = thirdPartyLink.txt; sourceTree = "<group>"; };
		FE2ABBED1BAEBC8B005CA114 /* ImportFiles.h */ = {isa = PBXFileReference; lastKnownFileType = sourcecode.c.h; path = ImportFiles.h; sourceTree = "<group>"; };
		FE2ABBEE1BAEBEBB005CA114 /* Info.plist */ = {isa = PBXFileReference; fileEncoding = 4; lastKnownFileType = text.plist.xml; name = Info.plist; path = JSBProjectBase/Info.plist; sourceTree = SOURCE_ROOT; };
		FE2ABBEF1BAEBEBB005CA114 /* JSBProjectBase.pch */ = {isa = PBXFileReference; fileEncoding = 4; lastKnownFileType = sourcecode.c.h; name = JSBProjectBase.pch; path = JSBProjectBase/JSBProjectBase.pch; sourceTree = SOURCE_ROOT; };
		FE5F2D061BAEE4E10067A64E /* JSBitMask.h */ = {isa = PBXFileReference; fileEncoding = 4; lastKnownFileType = sourcecode.c.h; path = JSBitMask.h; sourceTree = "<group>"; };
		FE5F2D071BAEE4E10067A64E /* JSBitMask.m */ = {isa = PBXFileReference; fileEncoding = 4; lastKnownFileType = sourcecode.c.objc; path = JSBitMask.m; sourceTree = "<group>"; };
		FE5F2D0C1BAEE9060067A64E /* JSBUserDefaults.h */ = {isa = PBXFileReference; fileEncoding = 4; lastKnownFileType = sourcecode.c.h; path = JSBUserDefaults.h; sourceTree = "<group>"; };
		FE5F2D0D1BAEE9060067A64E /* JSBUserDefaults.m */ = {isa = PBXFileReference; fileEncoding = 4; lastKnownFileType = sourcecode.c.objc; path = JSBUserDefaults.m; sourceTree = "<group>"; };
		FE927F381BAE41BC00233E96 /* JSBProjectBase.app */ = {isa = PBXFileReference; explicitFileType = wrapper.application; includeInIndex = 0; path = JSBProjectBase.app; sourceTree = BUILT_PRODUCTS_DIR; };
		FE927F3E1BAE41BC00233E96 /* AppDelegate.h */ = {isa = PBXFileReference; lastKnownFileType = sourcecode.c.h; path = AppDelegate.h; sourceTree = "<group>"; };
		FE927F3F1BAE41BC00233E96 /* AppDelegate.m */ = {isa = PBXFileReference; lastKnownFileType = sourcecode.c.objc; path = AppDelegate.m; sourceTree = "<group>"; };
		FE927F451BAE41BC00233E96 /* Base */ = {isa = PBXFileReference; lastKnownFileType = file.storyboard; name = Base; path = Base.lproj/Main.storyboard; sourceTree = "<group>"; };
		FE927F471BAE41BD00233E96 /* Assets.xcassets */ = {isa = PBXFileReference; lastKnownFileType = folder.assetcatalog; path = Assets.xcassets; sourceTree = "<group>"; };
		FE927F4A1BAE41BD00233E96 /* Base */ = {isa = PBXFileReference; lastKnownFileType = file.storyboard; name = Base; path = Base.lproj/LaunchScreen.storyboard; sourceTree = "<group>"; };
		FE927F511BAE41BD00233E96 /* JSBProjectBaseTests.xctest */ = {isa = PBXFileReference; explicitFileType = wrapper.cfbundle; includeInIndex = 0; path = JSBProjectBaseTests.xctest; sourceTree = BUILT_PRODUCTS_DIR; };
		FE927F551BAE41BD00233E96 /* JSBProjectBaseTests.m */ = {isa = PBXFileReference; lastKnownFileType = sourcecode.c.objc; path = JSBProjectBaseTests.m; sourceTree = "<group>"; };
		FE927F571BAE41BD00233E96 /* Info.plist */ = {isa = PBXFileReference; lastKnownFileType = text.plist.xml; path = Info.plist; sourceTree = "<group>"; };
		FEB1B4FC1C375378003536C1 /* citydata.plist */ = {isa = PBXFileReference; lastKnownFileType = file.bplist; path = citydata.plist; sourceTree = "<group>"; };
		FEB1B5041C3753FA003536C1 /* en */ = {isa = PBXFileReference; lastKnownFileType = text.plist.strings; name = en; path = en.lproj/Localizable.strings; sourceTree = "<group>"; };
		FEB1B5071C37551C003536C1 /* zh-Hans */ = {isa = PBXFileReference; lastKnownFileType = text.plist.strings; name = "zh-Hans"; path = "zh-Hans.lproj/Localizable.strings"; sourceTree = "<group>"; };
		FEB1B5091C376360003536C1 /* ObjBook.h */ = {isa = PBXFileReference; fileEncoding = 4; lastKnownFileType = sourcecode.c.h; path = ObjBook.h; sourceTree = "<group>"; };
		FEB1B50A1C376360003536C1 /* ObjBook.m */ = {isa = PBXFileReference; fileEncoding = 4; lastKnownFileType = sourcecode.c.objc; path = ObjBook.m; sourceTree = "<group>"; };
		FEB1B50B1C376360003536C1 /* ObjStudent.h */ = {isa = PBXFileReference; fileEncoding = 4; lastKnownFileType = sourcecode.c.h; path = ObjStudent.h; sourceTree = "<group>"; };
		FEB1B50C1C376360003536C1 /* ObjStudent.m */ = {isa = PBXFileReference; fileEncoding = 4; lastKnownFileType = sourcecode.c.objc; path = ObjStudent.m; sourceTree = "<group>"; };
		FEB1B5101C3763BB003536C1 /* ObjUser.h */ = {isa = PBXFileReference; fileEncoding = 4; lastKnownFileType = sourcecode.c.h; path = ObjUser.h; sourceTree = "<group>"; };
		FEB1B5111C3763BB003536C1 /* ObjUser.m */ = {isa = PBXFileReference; fileEncoding = 4; lastKnownFileType = sourcecode.c.objc; path = ObjUser.m; sourceTree = "<group>"; };
		FEB1B5131C3768C6003536C1 /* ObjUserPhone.h */ = {isa = PBXFileReference; fileEncoding = 4; lastKnownFileType = sourcecode.c.h; path = ObjUserPhone.h; sourceTree = "<group>"; };
		FEB1B5141C3768C6003536C1 /* ObjUserPhone.m */ = {isa = PBXFileReference; fileEncoding = 4; lastKnownFileType = sourcecode.c.objc; path = ObjUserPhone.m; sourceTree = "<group>"; };
		FFF5C92BCB1799B60751ECA8 /* libPods.a */ = {isa = PBXFileReference; explicitFileType = archive.ar; includeInIndex = 0; path = libPods.a; sourceTree = BUILT_PRODUCTS_DIR; };
/* End PBXFileReference section */

/* Begin PBXFrameworksBuildPhase section */
		FE927F351BAE41BC00233E96 /* Frameworks */ = {
			isa = PBXFrameworksBuildPhase;
			buildActionMask = 2147483647;
			files = (
				2787391A43C2B5C6D4F6CFE3 /* libPods.a in Frameworks */,
			);
			runOnlyForDeploymentPostprocessing = 0;
		};
		FE927F4E1BAE41BD00233E96 /* Frameworks */ = {
			isa = PBXFrameworksBuildPhase;
			buildActionMask = 2147483647;
			files = (
			);
			runOnlyForDeploymentPostprocessing = 0;
		};
/* End PBXFrameworksBuildPhase section */

/* Begin PBXGroup section */
		D6491C79CC40059F27E4D473 /* Frameworks */ = {
			isa = PBXGroup;
			children = (
				FFF5C92BCB1799B60751ECA8 /* libPods.a */,
			);
			name = Frameworks;
			sourceTree = "<group>";
		};
		F582A82965AE8BD3A7E7A212 /* Pods */ = {
			isa = PBXGroup;
			children = (
				476334E3194AC39784D798F5 /* Pods.debug.xcconfig */,
				4521D41A0D2CB85E7DB2A7DB /* Pods.release.xcconfig */,
			);
			name = Pods;
			sourceTree = "<group>";
		};
		FE19F9431C394696009986FE /* YTKUsage */ = {
			isa = PBXGroup;
			children = (
				FE19F9441C394696009986FE /* BasicGuide.md */,
				FE19F9491C394696009986FE /* ProGuide.md */,
				FE19F9451C394696009986FE /* FunNameApi.h */,
				FE19F9461C394696009986FE /* FunNameApi.m */,
				FE19F9471C394696009986FE /* GetImageApi.h */,
				FE19F9481C394696009986FE /* GetImageApi.m */,
				FE19F94A1C394696009986FE /* UploadImageApi.h */,
				FE19F94B1C394696009986FE /* UploadImageApi.m */,
			);
			path = YTKUsage;
			sourceTree = "<group>";
		};
		FE19F9701C395D42009986FE /* BaseModel */ = {
			isa = PBXGroup;
			children = (
				FE19F9711C395D42009986FE /* ObjBase.h */,
				FE19F9721C395D42009986FE /* ObjBase.m */,
				FE19F9731C395D42009986FE /* ObjJSON.h */,
				FE19F9741C395D42009986FE /* ObjJSON.m */,
				FE19F9751C395D42009986FE /* ObjList.h */,
				FE19F9761C395D42009986FE /* ObjList.m */,
			);
			path = BaseModel;
			sourceTree = "<group>";
		};
		FE19F97A1C39CEAF009986FE /* Font */ = {
			isa = PBXGroup;
			children = (
				FE19F97B1C39CEBC009986FE /* Omnes_Light.ttf */,
				FE19F97C1C39CEBC009986FE /* Omnes_Medium.ttf */,
			);
			path = Font;
			sourceTree = "<group>";
		};
		FE19F97F1C39CF1D009986FE /* JSBNetwork */ = {
			isa = PBXGroup;
			children = (
				FE19F9801C39CF1D009986FE /* JSBHttpActionBase.h */,
				FE19F9811C39CF1D009986FE /* JSBHttpActionBase.m */,
				FE19F9821C39CF1D009986FE /* JSBHttpActionManager.h */,
				FE19F9831C39CF1D009986FE /* JSBHttpActionManager.m */,
				FE19F9841C39CF1D009986FE /* JSBHttpResponseResult.h */,
				FE19F9851C39CF1D009986FE /* JSBHttpResponseResult.m */,
				FE19F9861C39CF1D009986FE /* Usage */,
			);
			path = JSBNetwork;
			sourceTree = "<group>";
		};
		FE19F9861C39CF1D009986FE /* Usage */ = {
			isa = PBXGroup;
			children = (
				FE19F9871C39CF1D009986FE /* GetUserInfoWithIDAction.h */,
				FE19F9881C39CF1D009986FE /* GetUserInfoWithIDAction.m */,
				FE19F9891C39CF1D009986FE /* SignOutAction.h */,
				FE19F98A1C39CF1D009986FE /* SignOutAction.m */,
				FE19F98B1C39CF1D009986FE /* SignUpAction.h */,
				FE19F98C1C39CF1D009986FE /* SignUpAction.m */,
				FE19F98D1C39CF1D009986FE /* TestHttpAction.h */,
				FE19F98E1C39CF1D009986FE /* TestHttpAction.m */,
				FE19F98F1C39CF1D009986FE /* ValidationAction.h */,
				FE19F9901C39CF1D009986FE /* ValidationAction.m */,
			);
			path = Usage;
			sourceTree = "<group>";
		};
		FE19F99C1C39D382009986FE /* Safety */ = {
			isa = PBXGroup;
			children = (
				FE19F99D1C39D393009986FE /* KeychainItemWrapper.h */,
				FE19F99E1C39D393009986FE /* KeychainItemWrapper.m */,
				FE19F9A01C39D3BD009986FE /* KeychainUsage.h */,
				FE19F9A11C39D3BD009986FE /* KeychainUsage.m */,
			);
			path = Safety;
			sourceTree = "<group>";
		};
		FE19F9A31C39E53F009986FE /* Const */ = {
			isa = PBXGroup;
			children = (
				FE19F9A41C39E551009986FE /* JSBNotificationName.h */,
				FE19F9A51C39E551009986FE /* JSBNotificationName.m */,
			);
			path = Const;
			sourceTree = "<group>";
		};
		FE2ABBE21BAEBAA4005CA114 /* Supporting Files */ = {
			isa = PBXGroup;
			children = (
				FE2ABBEE1BAEBEBB005CA114 /* Info.plist */,
				FE2ABBEF1BAEBEBB005CA114 /* JSBProjectBase.pch */,
				FE2ABBE51BAEBAA4005CA114 /* main.m */,
				FE2ABBE61BAEBAA4005CA114 /* thirdPartyLink.txt */,
			);
			path = "Supporting Files";
			sourceTree = "<group>";
		};
		FE2ABBEB1BAEBC5C005CA114 /* Theme */ = {
			isa = PBXGroup;
			children = (
				FE19F9991C39CF4D009986FE /* FontUsage.h */,
				FE19F99A1C39CF4D009986FE /* FontUsage.m */,
				FE19F9B31C3B0B9F009986FE /* UIColor+JSBProject.h */,
				FE19F9B41C3B0B9F009986FE /* UIColor+JSBProject.m */,
				FE19F9B61C3B0BB0009986FE /* UIFont+JSBProject.h */,
				FE19F9B71C3B0BB0009986FE /* UIFont+JSBProject.m */,
			);
			path = Theme;
			sourceTree = "<group>";
		};
		FE2ABBEC1BAEBC5C005CA114 /* Utility */ = {
			isa = PBXGroup;
			children = (
				FE2ABBED1BAEBC8B005CA114 /* ImportFiles.h */,
				FE5F2D061BAEE4E10067A64E /* JSBitMask.h */,
				FE5F2D071BAEE4E10067A64E /* JSBitMask.m */,
				FE5F2D0C1BAEE9060067A64E /* JSBUserDefaults.h */,
				FE5F2D0D1BAEE9060067A64E /* JSBUserDefaults.m */,
				FE19F9AA1C39E69B009986FE /* JSBDeviceInfo.h */,
				FE19F9AB1C39E69B009986FE /* JSBDeviceInfo.m */,
				FE19F9AD1C39E6A7009986FE /* JSBProjectInfo.h */,
				FE19F9AE1C39E6A7009986FE /* JSBProjectInfo.m */,
			);
			path = Utility;
			sourceTree = "<group>";
		};
		FE927F2F1BAE41BC00233E96 = {
			isa = PBXGroup;
			children = (
				FE927F3A1BAE41BC00233E96 /* JSBProjectBase */,
				FE927F541BAE41BD00233E96 /* JSBProjectBaseTests */,
				FE927F391BAE41BC00233E96 /* Products */,
				F582A82965AE8BD3A7E7A212 /* Pods */,
				D6491C79CC40059F27E4D473 /* Frameworks */,
			);
			sourceTree = "<group>";
		};
		FE927F391BAE41BC00233E96 /* Products */ = {
			isa = PBXGroup;
			children = (
				FE927F381BAE41BC00233E96 /* JSBProjectBase.app */,
				FE927F511BAE41BD00233E96 /* JSBProjectBaseTests.xctest */,
			);
			name = Products;
			sourceTree = "<group>";
		};
		FE927F3A1BAE41BC00233E96 /* JSBProjectBase */ = {
			isa = PBXGroup;
			children = (
				FEB1B4EE1C36B55C003536C1 /* SDKUsage */,
				FEB1B4DC1C36B525003536C1 /* Model */,
				FEB1B4D71C36B503003536C1 /* ThridPatry */,
				FE927F741BAE537B00233E96 /* Resources */,
				FE927F731BAE537B00233E96 /* Network */,
				FE927F751BAE537B00233E96 /* Service */,
				FEB1B4D81C36B503003536C1 /* VIew */,
				FEB1B4F51C36B5FD003536C1 /* ViewCtroller */,
				FE927F3E1BAE41BC00233E96 /* AppDelegate.h */,
				FE927F3F1BAE41BC00233E96 /* AppDelegate.m */,
				FE927F441BAE41BC00233E96 /* Main.storyboard */,
				FE927F471BAE41BD00233E96 /* Assets.xcassets */,
				FE927F491BAE41BD00233E96 /* LaunchScreen.storyboard */,
				FE2ABBE21BAEBAA4005CA114 /* Supporting Files */,
			);
			path = JSBProjectBase;
			sourceTree = "<group>";
		};
		FE927F541BAE41BD00233E96 /* JSBProjectBaseTests */ = {
			isa = PBXGroup;
			children = (
				FE927F551BAE41BD00233E96 /* JSBProjectBaseTests.m */,
				FE927F571BAE41BD00233E96 /* Info.plist */,
			);
			path = JSBProjectBaseTests;
			sourceTree = "<group>";
		};
		FE927F731BAE537B00233E96 /* Network */ = {
			isa = PBXGroup;
			children = (
				FE19F97F1C39CF1D009986FE /* JSBNetwork */,
				FE19F9431C394696009986FE /* YTKUsage */,
			);
			path = Network;
			sourceTree = "<group>";
		};
		FE927F741BAE537B00233E96 /* Resources */ = {
			isa = PBXGroup;
			children = (
				FE19F97A1C39CEAF009986FE /* Font */,
				FEB1B4FE1C3753A9003536C1 /* International */,
				FEB1B4FA1C375368003536C1 /* image */,
				FEB1B4FB1C375368003536C1 /* plist */,
			);
			path = Resources;
			sourceTree = "<group>";
		};
		FE927F751BAE537B00233E96 /* Service */ = {
			isa = PBXGroup;
			children = (
				FE19F9A31C39E53F009986FE /* Const */,
				FE19F99C1C39D382009986FE /* Safety */,
				FEB1B4D51C36B4DE003536C1 /* Categories */,
				FE2ABBEB1BAEBC5C005CA114 /* Theme */,
				FE2ABBEC1BAEBC5C005CA114 /* Utility */,
			);
			path = Service;
			sourceTree = "<group>";
		};
		FEB1B4D51C36B4DE003536C1 /* Categories */ = {
			isa = PBXGroup;
			children = (
				FE19F9B91C3B0E80009986FE /* UIColor+JS.h */,
				FE19F9BA1C3B0E80009986FE /* UIColor+JS.m */,
				FE19F9B01C3B09C6009986FE /* UIDevice+HardwareName.h */,
				FE19F9B11C3B09C6009986FE /* UIDevice+HardwareName.m */,
				FE19F95A1C3954CE009986FE /* UIImage+Clip.h */,
				FE19F95B1C3954CE009986FE /* UIImage+Clip.m */,
				FE19F95D1C395508009986FE /* NSString+Random.h */,
				FE19F95E1C395508009986FE /* NSString+Random.m */,
			);
			path = Categories;
			sourceTree = "<group>";
		};
		FEB1B4D71C36B503003536C1 /* ThridPatry */ = {
			isa = PBXGroup;
			children = (
			);
			path = ThridPatry;
			sourceTree = "<group>";
		};
		FEB1B4D81C36B503003536C1 /* VIew */ = {
			isa = PBXGroup;
			children = (
				FEB1B4EF1C36B5DB003536C1 /* UIButton */,
				FEB1B4F01C36B5DB003536C1 /* UIImageView */,
				FEB1B4F11C36B5DB003536C1 /* UILabel */,
				FEB1B4F21C36B5DB003536C1 /* UISwitch */,
				FEB1B4F31C36B5DB003536C1 /* UITextField */,
				FEB1B4F41C36B5DB003536C1 /* UITextView */,
			);
			path = VIew;
			sourceTree = "<group>";
		};
		FEB1B4DC1C36B525003536C1 /* Model */ = {
			isa = PBXGroup;
			children = (
				FEB1B50F1C376380003536C1 /* ModelJsonUsage */,
				FEB1B5081C376360003536C1 /* MJExtensionUseage */,
			);
			path = Model;
			sourceTree = "<group>";
		};
		FEB1B4EE1C36B55C003536C1 /* SDKUsage */ = {
			isa = PBXGroup;
			children = (
			);
			path = SDKUsage;
			sourceTree = "<group>";
		};
		FEB1B4EF1C36B5DB003536C1 /* UIButton */ = {
			isa = PBXGroup;
			children = (
			);
			path = UIButton;
			sourceTree = "<group>";
		};
		FEB1B4F01C36B5DB003536C1 /* UIImageView */ = {
			isa = PBXGroup;
			children = (
			);
			path = UIImageView;
			sourceTree = "<group>";
		};
		FEB1B4F11C36B5DB003536C1 /* UILabel */ = {
			isa = PBXGroup;
			children = (
			);
			path = UILabel;
			sourceTree = "<group>";
		};
		FEB1B4F21C36B5DB003536C1 /* UISwitch */ = {
			isa = PBXGroup;
			children = (
			);
			path = UISwitch;
			sourceTree = "<group>";
		};
		FEB1B4F31C36B5DB003536C1 /* UITextField */ = {
			isa = PBXGroup;
			children = (
			);
			path = UITextField;
			sourceTree = "<group>";
		};
		FEB1B4F41C36B5DB003536C1 /* UITextView */ = {
			isa = PBXGroup;
			children = (
			);
			path = UITextView;
			sourceTree = "<group>";
		};
		FEB1B4F51C36B5FD003536C1 /* ViewCtroller */ = {
			isa = PBXGroup;
			children = (
				FEB1B4F61C36B64C003536C1 /* UINavigationController */,
				FEB1B4F71C36B64C003536C1 /* UITabBarController */,
				FEB1B4F81C36B64C003536C1 /* UITableViewController */,
				FEB1B4F91C36B64C003536C1 /* UIViewController */,
			);
			path = ViewCtroller;
			sourceTree = "<group>";
		};
		FEB1B4F61C36B64C003536C1 /* UINavigationController */ = {
			isa = PBXGroup;
			children = (
			);
			path = UINavigationController;
			sourceTree = "<group>";
		};
		FEB1B4F71C36B64C003536C1 /* UITabBarController */ = {
			isa = PBXGroup;
			children = (
			);
			path = UITabBarController;
			sourceTree = "<group>";
		};
		FEB1B4F81C36B64C003536C1 /* UITableViewController */ = {
			isa = PBXGroup;
			children = (
			);
			path = UITableViewController;
			sourceTree = "<group>";
		};
		FEB1B4F91C36B64C003536C1 /* UIViewController */ = {
			isa = PBXGroup;
			children = (
			);
			path = UIViewController;
			sourceTree = "<group>";
		};
		FEB1B4FA1C375368003536C1 /* image */ = {
			isa = PBXGroup;
			children = (
			);
			path = image;
			sourceTree = "<group>";
		};
		FEB1B4FB1C375368003536C1 /* plist */ = {
			isa = PBXGroup;
			children = (
				FEB1B4FC1C375378003536C1 /* citydata.plist */,
			);
			path = plist;
			sourceTree = "<group>";
		};
		FEB1B4FE1C3753A9003536C1 /* International */ = {
			isa = PBXGroup;
			children = (
				FEB1B5031C3753F6003536C1 /* Localizable.strings */,
			);
			path = International;
			sourceTree = "<group>";
		};
		FEB1B5081C376360003536C1 /* MJExtensionUseage */ = {
			isa = PBXGroup;
			children = (
				FEB1B5091C376360003536C1 /* ObjBook.h */,
				FEB1B50A1C376360003536C1 /* ObjBook.m */,
				FEB1B50B1C376360003536C1 /* ObjStudent.h */,
				FEB1B50C1C376360003536C1 /* ObjStudent.m */,
			);
			path = MJExtensionUseage;
			sourceTree = "<group>";
		};
		FEB1B50F1C376380003536C1 /* ModelJsonUsage */ = {
			isa = PBXGroup;
			children = (
				FE19F9701C395D42009986FE /* BaseModel */,
				FEB1B5101C3763BB003536C1 /* ObjUser.h */,
				FEB1B5111C3763BB003536C1 /* ObjUser.m */,
				FEB1B5131C3768C6003536C1 /* ObjUserPhone.h */,
				FEB1B5141C3768C6003536C1 /* ObjUserPhone.m */,
			);
			path = ModelJsonUsage;
			sourceTree = "<group>";
		};
/* End PBXGroup section */

/* Begin PBXNativeTarget section */
		FE927F371BAE41BC00233E96 /* JSBProjectBase */ = {
			isa = PBXNativeTarget;
			buildConfigurationList = FE927F651BAE41BD00233E96 /* Build configuration list for PBXNativeTarget "JSBProjectBase" */;
			buildPhases = (
				881DF5DB19A3C4B4A45840E6 /* Check Pods Manifest.lock */,
				FE927F341BAE41BC00233E96 /* Sources */,
				FE927F351BAE41BC00233E96 /* Frameworks */,
				FE927F361BAE41BC00233E96 /* Resources */,
				93B5909A4FFE42DDEDE3FBCD /* Copy Pods Resources */,
				960610FFAFC0C44C1B3F2B89 /* Embed Pods Frameworks */,
			);
			buildRules = (
			);
			dependencies = (
			);
			name = JSBProjectBase;
			productName = JSBProjectBase;
			productReference = FE927F381BAE41BC00233E96 /* JSBProjectBase.app */;
			productType = "com.apple.product-type.application";
		};
		FE927F501BAE41BD00233E96 /* JSBProjectBaseTests */ = {
			isa = PBXNativeTarget;
			buildConfigurationList = FE927F681BAE41BD00233E96 /* Build configuration list for PBXNativeTarget "JSBProjectBaseTests" */;
			buildPhases = (
				FE927F4D1BAE41BD00233E96 /* Sources */,
				FE927F4E1BAE41BD00233E96 /* Frameworks */,
				FE927F4F1BAE41BD00233E96 /* Resources */,
			);
			buildRules = (
			);
			dependencies = (
				FE927F531BAE41BD00233E96 /* PBXTargetDependency */,
			);
			name = JSBProjectBaseTests;
			productName = JSBProjectBaseTests;
			productReference = FE927F511BAE41BD00233E96 /* JSBProjectBaseTests.xctest */;
			productType = "com.apple.product-type.bundle.unit-test";
		};
/* End PBXNativeTarget section */

/* Begin PBXProject section */
		FE927F301BAE41BC00233E96 /* Project object */ = {
			isa = PBXProject;
			attributes = {
				LastUpgradeCheck = 0700;
				ORGANIZATIONNAME = JungleSong;
				TargetAttributes = {
					FE927F371BAE41BC00233E96 = {
						CreatedOnToolsVersion = 7.0;
					};
					FE927F501BAE41BD00233E96 = {
						CreatedOnToolsVersion = 7.0;
						TestTargetID = FE927F371BAE41BC00233E96;
					};
				};
			};
			buildConfigurationList = FE927F331BAE41BC00233E96 /* Build configuration list for PBXProject "JSBProjectBase" */;
			compatibilityVersion = "Xcode 3.2";
			developmentRegion = English;
			hasScannedForEncodings = 0;
			knownRegions = (
				en,
				Base,
				"zh-Hans",
			);
			mainGroup = FE927F2F1BAE41BC00233E96;
			productRefGroup = FE927F391BAE41BC00233E96 /* Products */;
			projectDirPath = "";
			projectRoot = "";
			targets = (
				FE927F371BAE41BC00233E96 /* JSBProjectBase */,
				FE927F501BAE41BD00233E96 /* JSBProjectBaseTests */,
			);
		};
/* End PBXProject section */

/* Begin PBXResourcesBuildPhase section */
		FE927F361BAE41BC00233E96 /* Resources */ = {
			isa = PBXResourcesBuildPhase;
			buildActionMask = 2147483647;
			files = (
				FE927F4B1BAE41BD00233E96 /* LaunchScreen.storyboard in Resources */,
				FE927F481BAE41BD00233E96 /* Assets.xcassets in Resources */,
				FE19F97E1C39CEBC009986FE /* Omnes_Medium.ttf in Resources */,
				FE2ABBE91BAEBAA4005CA114 /* thirdPartyLink.txt in Resources */,
				FEB1B5011C3753F6003536C1 /* Localizable.strings in Resources */,
				FE19F97D1C39CEBC009986FE /* Omnes_Light.ttf in Resources */,
				FEB1B4FD1C375378003536C1 /* citydata.plist in Resources */,
				FE2ABBF01BAEBEBB005CA114 /* Info.plist in Resources */,
				FE927F461BAE41BC00233E96 /* Main.storyboard in Resources */,
			);
			runOnlyForDeploymentPostprocessing = 0;
		};
		FE927F4F1BAE41BD00233E96 /* Resources */ = {
			isa = PBXResourcesBuildPhase;
			buildActionMask = 2147483647;
			files = (
			);
			runOnlyForDeploymentPostprocessing = 0;
		};
/* End PBXResourcesBuildPhase section */

/* Begin PBXShellScriptBuildPhase section */
		881DF5DB19A3C4B4A45840E6 /* Check Pods Manifest.lock */ = {
			isa = PBXShellScriptBuildPhase;
			buildActionMask = 2147483647;
			files = (
			);
			inputPaths = (
			);
			name = "Check Pods Manifest.lock";
			outputPaths = (
			);
			runOnlyForDeploymentPostprocessing = 0;
			shellPath = /bin/sh;
			shellScript = "diff \"${PODS_ROOT}/../Podfile.lock\" \"${PODS_ROOT}/Manifest.lock\" > /dev/null\nif [[ $? != 0 ]] ; then\n    cat << EOM\nerror: The sandbox is not in sync with the Podfile.lock. Run 'pod install' or update your CocoaPods installation.\nEOM\n    exit 1\nfi\n";
			showEnvVarsInLog = 0;
		};
		93B5909A4FFE42DDEDE3FBCD /* Copy Pods Resources */ = {
			isa = PBXShellScriptBuildPhase;
			buildActionMask = 2147483647;
			files = (
			);
			inputPaths = (
			);
			name = "Copy Pods Resources";
			outputPaths = (
			);
			runOnlyForDeploymentPostprocessing = 0;
			shellPath = /bin/sh;
			shellScript = "\"${SRCROOT}/Pods/Target Support Files/Pods/Pods-resources.sh\"\n";
			showEnvVarsInLog = 0;
		};
		960610FFAFC0C44C1B3F2B89 /* Embed Pods Frameworks */ = {
			isa = PBXShellScriptBuildPhase;
			buildActionMask = 2147483647;
			files = (
			);
			inputPaths = (
			);
			name = "Embed Pods Frameworks";
			outputPaths = (
			);
			runOnlyForDeploymentPostprocessing = 0;
			shellPath = /bin/sh;
			shellScript = "\"${SRCROOT}/Pods/Target Support Files/Pods/Pods-frameworks.sh\"\n";
			showEnvVarsInLog = 0;
		};
/* End PBXShellScriptBuildPhase section */

/* Begin PBXSourcesBuildPhase section */
		FE927F341BAE41BC00233E96 /* Sources */ = {
			isa = PBXSourcesBuildPhase;
			buildActionMask = 2147483647;
			files = (
				FE19F9931C39CF1D009986FE /* JSBHttpResponseResult.m in Sources */,
				FE2ABBE81BAEBAA4005CA114 /* main.m in Sources */,
				FE19F99B1C39CF4D009986FE /* FontUsage.m in Sources */,
				FE19F9771C395D42009986FE /* ObjBase.m in Sources */,
				FE19F9B81C3B0BB0009986FE /* UIFont+JSBProject.m in Sources */,
				FE19F94D1C394696009986FE /* FunNameApi.m in Sources */,
				FEB1B50E1C376360003536C1 /* ObjStudent.m in Sources */,
				FEB1B5121C3763BB003536C1 /* ObjUser.m in Sources */,
				FE19F9A21C39D3BD009986FE /* KeychainUsage.m in Sources */,
				FE19F94E1C394696009986FE /* GetImageApi.m in Sources */,
				FE5F2D0E1BAEE9060067A64E /* JSBUserDefaults.m in Sources */,
				FE19F9941C39CF1D009986FE /* GetUserInfoWithIDAction.m in Sources */,
				FE19F9BB1C3B0E80009986FE /* UIColor+JS.m in Sources */,
				FE19F9971C39CF1D009986FE /* TestHttpAction.m in Sources */,
				FE5F2D081BAEE4E10067A64E /* JSBitMask.m in Sources */,
				FE19F9B51C3B0B9F009986FE /* UIColor+JSBProject.m in Sources */,
				FE19F9AF1C39E6A7009986FE /* JSBProjectInfo.m in Sources */,
				FE19F94F1C394696009986FE /* ProGuide.md in Sources */,
				FE19F94C1C394696009986FE /* BasicGuide.md in Sources */,
				FE19F9791C395D42009986FE /* ObjList.m in Sources */,
				FE19F9961C39CF1D009986FE /* SignUpAction.m in Sources */,
				FE927F401BAE41BC00233E96 /* AppDelegate.m in Sources */,
				FE19F9781C395D42009986FE /* ObjJSON.m in Sources */,
				FE19F9921C39CF1D009986FE /* JSBHttpActionManager.m in Sources */,
				FE19F95F1C395508009986FE /* NSString+Random.m in Sources */,
				FE19F99F1C39D393009986FE /* KeychainItemWrapper.m in Sources */,
				FE19F9951C39CF1D009986FE /* SignOutAction.m in Sources */,
				FE19F9B21C3B09C6009986FE /* UIDevice+HardwareName.m in Sources */,
				FE19F9A61C39E551009986FE /* JSBNotificationName.m in Sources */,
				FE19F9501C394696009986FE /* UploadImageApi.m in Sources */,
				FEB1B5151C3768C6003536C1 /* ObjUserPhone.m in Sources */,
				FE19F9AC1C39E69B009986FE /* JSBDeviceInfo.m in Sources */,
				FE19F9981C39CF1D009986FE /* ValidationAction.m in Sources */,
				FE19F95C1C3954CE009986FE /* UIImage+Clip.m in Sources */,
				FEB1B50D1C376360003536C1 /* ObjBook.m in Sources */,
				FE19F9911C39CF1D009986FE /* JSBHttpActionBase.m in Sources */,
			);
			runOnlyForDeploymentPostprocessing = 0;
		};
		FE927F4D1BAE41BD00233E96 /* Sources */ = {
			isa = PBXSourcesBuildPhase;
			buildActionMask = 2147483647;
			files = (
				FE927F561BAE41BD00233E96 /* JSBProjectBaseTests.m in Sources */,
			);
			runOnlyForDeploymentPostprocessing = 0;
		};
/* End PBXSourcesBuildPhase section */

/* Begin PBXTargetDependency section */
		FE927F531BAE41BD00233E96 /* PBXTargetDependency */ = {
			isa = PBXTargetDependency;
			target = FE927F371BAE41BC00233E96 /* JSBProjectBase */;
			targetProxy = FE927F521BAE41BD00233E96 /* PBXContainerItemProxy */;
		};
/* End PBXTargetDependency section */

/* Begin PBXVariantGroup section */
		FE927F441BAE41BC00233E96 /* Main.storyboard */ = {
			isa = PBXVariantGroup;
			children = (
				FE927F451BAE41BC00233E96 /* Base */,
			);
			name = Main.storyboard;
			sourceTree = "<group>";
		};
		FE927F491BAE41BD00233E96 /* LaunchScreen.storyboard */ = {
			isa = PBXVariantGroup;
			children = (
				FE927F4A1BAE41BD00233E96 /* Base */,
			);
			name = LaunchScreen.storyboard;
			sourceTree = "<group>";
		};
		FEB1B5031C3753F6003536C1 /* Localizable.strings */ = {
			isa = PBXVariantGroup;
			children = (
				FEB1B5041C3753FA003536C1 /* en */,
				FEB1B5071C37551C003536C1 /* zh-Hans */,
			);
			name = Localizable.strings;
			sourceTree = "<group>";
		};
/* End PBXVariantGroup section */

/* Begin XCBuildConfiguration section */
		FE927F631BAE41BD00233E96 /* Debug */ = {
			isa = XCBuildConfiguration;
			buildSettings = {
				ALWAYS_SEARCH_USER_PATHS = NO;
				CLANG_CXX_LANGUAGE_STANDARD = "gnu++0x";
				CLANG_CXX_LIBRARY = "libc++";
				CLANG_ENABLE_MODULES = YES;
				CLANG_ENABLE_OBJC_ARC = YES;
				CLANG_WARN_BOOL_CONVERSION = YES;
				CLANG_WARN_CONSTANT_CONVERSION = YES;
				CLANG_WARN_DIRECT_OBJC_ISA_USAGE = YES_ERROR;
				CLANG_WARN_EMPTY_BODY = YES;
				CLANG_WARN_ENUM_CONVERSION = YES;
				CLANG_WARN_INT_CONVERSION = YES;
				CLANG_WARN_OBJC_ROOT_CLASS = YES_ERROR;
				CLANG_WARN_UNREACHABLE_CODE = YES;
				CLANG_WARN__DUPLICATE_METHOD_MATCH = YES;
				"CODE_SIGN_IDENTITY[sdk=iphoneos*]" = "iPhone Developer";
				COPY_PHASE_STRIP = NO;
				DEBUG_INFORMATION_FORMAT = dwarf;
				ENABLE_STRICT_OBJC_MSGSEND = YES;
				ENABLE_TESTABILITY = YES;
				GCC_C_LANGUAGE_STANDARD = gnu99;
				GCC_DYNAMIC_NO_PIC = NO;
				GCC_NO_COMMON_BLOCKS = YES;
				GCC_OPTIMIZATION_LEVEL = 0;
				GCC_PREFIX_HEADER = "$(SRCROOT)/JSBProjectBase/JSBProjectBase.pch";
				GCC_PREPROCESSOR_DEFINITIONS = (
					"DEBUG=1",
					"$(inherited)",
				);
				GCC_WARN_64_TO_32_BIT_CONVERSION = YES;
				GCC_WARN_ABOUT_RETURN_TYPE = YES_ERROR;
				GCC_WARN_UNDECLARED_SELECTOR = YES;
				GCC_WARN_UNINITIALIZED_AUTOS = YES_AGGRESSIVE;
				GCC_WARN_UNUSED_FUNCTION = YES;
				GCC_WARN_UNUSED_VARIABLE = YES;
				IPHONEOS_DEPLOYMENT_TARGET = 7.0;
				MTL_ENABLE_DEBUG_INFO = YES;
				ONLY_ACTIVE_ARCH = YES;
				SDKROOT = iphoneos;
			};
			name = Debug;
		};
		FE927F641BAE41BD00233E96 /* Release */ = {
			isa = XCBuildConfiguration;
			buildSettings = {
				ALWAYS_SEARCH_USER_PATHS = NO;
				CLANG_CXX_LANGUAGE_STANDARD = "gnu++0x";
				CLANG_CXX_LIBRARY = "libc++";
				CLANG_ENABLE_MODULES = YES;
				CLANG_ENABLE_OBJC_ARC = YES;
				CLANG_WARN_BOOL_CONVERSION = YES;
				CLANG_WARN_CONSTANT_CONVERSION = YES;
				CLANG_WARN_DIRECT_OBJC_ISA_USAGE = YES_ERROR;
				CLANG_WARN_EMPTY_BODY = YES;
				CLANG_WARN_ENUM_CONVERSION = YES;
				CLANG_WARN_INT_CONVERSION = YES;
				CLANG_WARN_OBJC_ROOT_CLASS = YES_ERROR;
				CLANG_WARN_UNREACHABLE_CODE = YES;
				CLANG_WARN__DUPLICATE_METHOD_MATCH = YES;
				"CODE_SIGN_IDENTITY[sdk=iphoneos*]" = "iPhone Developer";
				COPY_PHASE_STRIP = NO;
				DEBUG_INFORMATION_FORMAT = "dwarf-with-dsym";
				ENABLE_NS_ASSERTIONS = NO;
				ENABLE_STRICT_OBJC_MSGSEND = YES;
				GCC_C_LANGUAGE_STANDARD = gnu99;
				GCC_NO_COMMON_BLOCKS = YES;
				GCC_PREFIX_HEADER = "$(SRCROOT)/JSBProjectBase/JSBProjectBase.pch";
				GCC_WARN_64_TO_32_BIT_CONVERSION = YES;
				GCC_WARN_ABOUT_RETURN_TYPE = YES_ERROR;
				GCC_WARN_UNDECLARED_SELECTOR = YES;
				GCC_WARN_UNINITIALIZED_AUTOS = YES_AGGRESSIVE;
				GCC_WARN_UNUSED_FUNCTION = YES;
				GCC_WARN_UNUSED_VARIABLE = YES;
				IPHONEOS_DEPLOYMENT_TARGET = 7.0;
				MTL_ENABLE_DEBUG_INFO = NO;
				SDKROOT = iphoneos;
				VALIDATE_PRODUCT = YES;
			};
			name = Release;
		};
		FE927F661BAE41BD00233E96 /* Debug */ = {
			isa = XCBuildConfiguration;
			baseConfigurationReference = 476334E3194AC39784D798F5 /* Pods.debug.xcconfig */;
			buildSettings = {
				ASSETCATALOG_COMPILER_APPICON_NAME = AppIcon;
				GCC_PREFIX_HEADER = "$(SRCROOT)/JSBProjectBase/JSBProjectBase.pch";
				INFOPLIST_FILE = JSBProjectBase/Info.plist;
				IPHONEOS_DEPLOYMENT_TARGET = 7.0;
				LD_RUNPATH_SEARCH_PATHS = "$(inherited) @executable_path/Frameworks";
				PRODUCT_BUNDLE_IDENTIFIER = com.junglesong.JSBProjectBase;
				PRODUCT_NAME = "$(TARGET_NAME)";
				TARGETED_DEVICE_FAMILY = 1;
			};
			name = Debug;
		};
		FE927F671BAE41BD00233E96 /* Release */ = {
			isa = XCBuildConfiguration;
			baseConfigurationReference = 4521D41A0D2CB85E7DB2A7DB /* Pods.release.xcconfig */;
			buildSettings = {
				ASSETCATALOG_COMPILER_APPICON_NAME = AppIcon;
				GCC_PREFIX_HEADER = "$(SRCROOT)/JSBProjectBase/JSBProjectBase.pch";
				INFOPLIST_FILE = JSBProjectBase/Info.plist;
				IPHONEOS_DEPLOYMENT_TARGET = 7.0;
				LD_RUNPATH_SEARCH_PATHS = "$(inherited) @executable_path/Frameworks";
				PRODUCT_BUNDLE_IDENTIFIER = com.junglesong.JSBProjectBase;
				PRODUCT_NAME = "$(TARGET_NAME)";
				TARGETED_DEVICE_FAMILY = 1;
			};
			name = Release;
		};
		FE927F691BAE41BD00233E96 /* Debug */ = {
			isa = XCBuildConfiguration;
			buildSettings = {
				BUNDLE_LOADER = "$(TEST_HOST)";
				INFOPLIST_FILE = JSBProjectBaseTests/Info.plist;
				LD_RUNPATH_SEARCH_PATHS = "$(inherited) @executable_path/Frameworks @loader_path/Frameworks";
				PRODUCT_BUNDLE_IDENTIFIER = com.junglesong.JSBProjectBaseTests;
				PRODUCT_NAME = "$(TARGET_NAME)";
				TEST_HOST = "$(BUILT_PRODUCTS_DIR)/JSBProjectBase.app/JSBProjectBase";
			};
			name = Debug;
		};
		FE927F6A1BAE41BD00233E96 /* Release */ = {
			isa = XCBuildConfiguration;
			buildSettings = {
				BUNDLE_LOADER = "$(TEST_HOST)";
				INFOPLIST_FILE = JSBProjectBaseTests/Info.plist;
				LD_RUNPATH_SEARCH_PATHS = "$(inherited) @executable_path/Frameworks @loader_path/Frameworks";
				PRODUCT_BUNDLE_IDENTIFIER = com.junglesong.JSBProjectBaseTests;
				PRODUCT_NAME = "$(TARGET_NAME)";
				TEST_HOST = "$(BUILT_PRODUCTS_DIR)/JSBProjectBase.app/JSBProjectBase";
			};
			name = Release;
		};
/* End XCBuildConfiguration section */

/* Begin XCConfigurationList section */
		FE927F331BAE41BC00233E96 /* Build configuration list for PBXProject "JSBProjectBase" */ = {
			isa = XCConfigurationList;
			buildConfigurations = (
				FE927F631BAE41BD00233E96 /* Debug */,
				FE927F641BAE41BD00233E96 /* Release */,
			);
			defaultConfigurationIsVisible = 0;
			defaultConfigurationName = Release;
		};
		FE927F651BAE41BD00233E96 /* Build configuration list for PBXNativeTarget "JSBProjectBase" */ = {
			isa = XCConfigurationList;
			buildConfigurations = (
				FE927F661BAE41BD00233E96 /* Debug */,
				FE927F671BAE41BD00233E96 /* Release */,
			);
			defaultConfigurationIsVisible = 0;
			defaultConfigurationName = Release;
		};
		FE927F681BAE41BD00233E96 /* Build configuration list for PBXNativeTarget "JSBProjectBaseTests" */ = {
			isa = XCConfigurationList;
			buildConfigurations = (
				FE927F691BAE41BD00233E96 /* Debug */,
				FE927F6A1BAE41BD00233E96 /* Release */,
			);
			defaultConfigurationIsVisible = 0;
			defaultConfigurationName = Release;
		};
/* End XCConfigurationList section */
	};
	rootObject = FE927F301BAE41BC00233E96 /* Project object */;
}
