// !$*UTF8*$!
{
	archiveVersion = 1;
	classes = {
	};
	objectVersion = 46;
	objects = {

/* Begin PBXBuildFile section */
		2787391A43C2B5C6D4F6CFE3 /* libPods.a in Frameworks */ = {isa = PBXBuildFile; fileRef = FFF5C92BCB1799B60751ECA8 /* libPods.a */; };
		FE927F3D1BAE41BC00233E96 /* main.m in Sources */ = {isa = PBXBuildFile; fileRef = FE927F3C1BAE41BC00233E96 /* main.m */; };
		FE927F401BAE41BC00233E96 /* AppDelegate.m in Sources */ = {isa = PBXBuildFile; fileRef = FE927F3F1BAE41BC00233E96 /* AppDelegate.m */; };
		FE927F431BAE41BC00233E96 /* ViewController.m in Sources */ = {isa = PBXBuildFile; fileRef = FE927F421BAE41BC00233E96 /* ViewController.m */; };
		FE927F461BAE41BC00233E96 /* Main.storyboard in Resources */ = {isa = PBXBuildFile; fileRef = FE927F441BAE41BC00233E96 /* Main.storyboard */; };
		FE927F481BAE41BD00233E96 /* Assets.xcassets in Resources */ = {isa = PBXBuildFile; fileRef = FE927F471BAE41BD00233E96 /* Assets.xcassets */; };
		FE927F4B1BAE41BD00233E96 /* LaunchScreen.storyboard in Resources */ = {isa = PBXBuildFile; fileRef = FE927F491BAE41BD00233E96 /* LaunchScreen.storyboard */; };
		FE927F561BAE41BD00233E96 /* JSBProjectBaseTests.m in Sources */ = {isa = PBXBuildFile; fileRef = FE927F551BAE41BD00233E96 /* JSBProjectBaseTests.m */; };
		FE927F611BAE41BD00233E96 /* JSBProjectBaseUITests.m in Sources */ = {isa = PBXBuildFile; fileRef = FE927F601BAE41BD00233E96 /* JSBProjectBaseUITests.m */; };
/* End PBXBuildFile section */

/* Begin PBXContainerItemProxy section */
		FE927F521BAE41BD00233E96 /* PBXContainerItemProxy */ = {
			isa = PBXContainerItemProxy;
			containerPortal = FE927F301BAE41BC00233E96 /* Project object */;
			proxyType = 1;
			remoteGlobalIDString = FE927F371BAE41BC00233E96;
			remoteInfo = JSBProjectBase;
		};
		FE927F5D1BAE41BD00233E96 /* PBXContainerItemProxy */ = {
			isa = PBXContainerItemProxy;
			containerPortal = FE927F301BAE41BC00233E96 /* Project object */;
			proxyType = 1;
			remoteGlobalIDString = FE927F371BAE41BC00233E96;
			remoteInfo = JSBProjectBase;
		};
/* End PBXContainerItemProxy section */

/* Begin PBXFileReference section */
		4521D41A0D2CB85E7DB2A7DB /* Pods.release.xcconfig */ = {isa = PBXFileReference; includeInIndex = 1; lastKnownFileType = text.xcconfig; name = Pods.release.xcconfig; path = "Pods/Target Support Files/Pods/Pods.release.xcconfig"; sourceTree = "<group>"; };
		476334E3194AC39784D798F5 /* Pods.debug.xcconfig */ = {isa = PBXFileReference; includeInIndex = 1; lastKnownFileType = text.xcconfig; name = Pods.debug.xcconfig; path = "Pods/Target Support Files/Pods/Pods.debug.xcconfig"; sourceTree = "<group>"; };
		FE927F381BAE41BC00233E96 /* JSBProjectBase.app */ = {isa = PBXFileReference; explicitFileType = wrapper.application; includeInIndex = 0; path = JSBProjectBase.app; sourceTree = BUILT_PRODUCTS_DIR; };
		FE927F3C1BAE41BC00233E96 /* main.m */ = {isa = PBXFileReference; lastKnownFileType = sourcecode.c.objc; path = main.m; sourceTree = "<group>"; };
		FE927F3E1BAE41BC00233E96 /* AppDelegate.h */ = {isa = PBXFileReference; lastKnownFileType = sourcecode.c.h; path = AppDelegate.h; sourceTree = "<group>"; };
		FE927F3F1BAE41BC00233E96 /* AppDelegate.m */ = {isa = PBXFileReference; lastKnownFileType = sourcecode.c.objc; path = AppDelegate.m; sourceTree = "<group>"; };
		FE927F411BAE41BC00233E96 /* ViewController.h */ = {isa = PBXFileReference; lastKnownFileType = sourcecode.c.h; path = ViewController.h; sourceTree = "<group>"; };
		FE927F421BAE41BC00233E96 /* ViewController.m */ = {isa = PBXFileReference; lastKnownFileType = sourcecode.c.objc; path = ViewController.m; sourceTree = "<group>"; };
		FE927F451BAE41BC00233E96 /* Base */ = {isa = PBXFileReference; lastKnownFileType = file.storyboard; name = Base; path = Base.lproj/Main.storyboard; sourceTree = "<group>"; };
		FE927F471BAE41BD00233E96 /* Assets.xcassets */ = {isa = PBXFileReference; lastKnownFileType = folder.assetcatalog; path = Assets.xcassets; sourceTree = "<group>"; };
		FE927F4A1BAE41BD00233E96 /* Base */ = {isa = PBXFileReference; lastKnownFileType = file.storyboard; name = Base; path = Base.lproj/LaunchScreen.storyboard; sourceTree = "<group>"; };
		FE927F4C1BAE41BD00233E96 /* Info.plist */ = {isa = PBXFileReference; lastKnownFileType = text.plist.xml; path = Info.plist; sourceTree = "<group>"; };
		FE927F511BAE41BD00233E96 /* JSBProjectBaseTests.xctest */ = {isa = PBXFileReference; explicitFileType = wrapper.cfbundle; includeInIndex = 0; path = JSBProjectBaseTests.xctest; sourceTree = BUILT_PRODUCTS_DIR; };
		FE927F551BAE41BD00233E96 /* JSBProjectBaseTests.m */ = {isa = PBXFileReference; lastKnownFileType = sourcecode.c.objc; path = JSBProjectBaseTests.m; sourceTree = "<group>"; };
		FE927F571BAE41BD00233E96 /* Info.plist */ = {isa = PBXFileReference; lastKnownFileType = text.plist.xml; path = Info.plist; sourceTree = "<group>"; };
		FE927F5C1BAE41BD00233E96 /* JSBProjectBaseUITests.xctest */ = {isa = PBXFileReference; explicitFileType = wrapper.cfbundle; includeInIndex = 0; path = JSBProjectBaseUITests.xctest; sourceTree = BUILT_PRODUCTS_DIR; };
		FE927F601BAE41BD00233E96 /* JSBProjectBaseUITests.m */ = {isa = PBXFileReference; lastKnownFileType = sourcecode.c.objc; path = JSBProjectBaseUITests.m; sourceTree = "<group>"; };
		FE927F621BAE41BD00233E96 /* Info.plist */ = {isa = PBXFileReference; lastKnownFileType = text.plist.xml; path = Info.plist; sourceTree = "<group>"; };
		FFF5C92BCB1799B60751ECA8 /* libPods.a */ = {isa = PBXFileReference; explicitFileType = archive.ar; includeInIndex = 0; path = libPods.a; sourceTree = BUILT_PRODUCTS_DIR; };
/* End PBXFileReference section */

/* Begin PBXFrameworksBuildPhase section */
		FE927F351BAE41BC00233E96 /* Frameworks */ = {
			isa = PBXFrameworksBuildPhase;
			buildActionMask = 2147483647;
			files = (
				2787391A43C2B5C6D4F6CFE3 /* libPods.a in Frameworks */,
			);
			runOnlyForDeploymentPostprocessing = 0;
		};
		FE927F4E1BAE41BD00233E96 /* Frameworks */ = {
			isa = PBXFrameworksBuildPhase;
			buildActionMask = 2147483647;
			files = (
			);
			runOnlyForDeploymentPostprocessing = 0;
		};
		FE927F591BAE41BD00233E96 /* Frameworks */ = {
			isa = PBXFrameworksBuildPhase;
			buildActionMask = 2147483647;
			files = (
			);
			runOnlyForDeploymentPostprocessing = 0;
		};
/* End PBXFrameworksBuildPhase section */

/* Begin PBXGroup section */
		D6491C79CC40059F27E4D473 /* Frameworks */ = {
			isa = PBXGroup;
			children = (
				FFF5C92BCB1799B60751ECA8 /* libPods.a */,
			);
			name = Frameworks;
			sourceTree = "<group>";
		};
		F582A82965AE8BD3A7E7A212 /* Pods */ = {
			isa = PBXGroup;
			children = (
				476334E3194AC39784D798F5 /* Pods.debug.xcconfig */,
				4521D41A0D2CB85E7DB2A7DB /* Pods.release.xcconfig */,
			);
			name = Pods;
			sourceTree = "<group>";
		};
		FE927F2F1BAE41BC00233E96 = {
			isa = PBXGroup;
			children = (
				FE927F3A1BAE41BC00233E96 /* JSBProjectBase */,
				FE927F541BAE41BD00233E96 /* JSBProjectBaseTests */,
				FE927F5F1BAE41BD00233E96 /* JSBProjectBaseUITests */,
				FE927F391BAE41BC00233E96 /* Products */,
				F582A82965AE8BD3A7E7A212 /* Pods */,
				D6491C79CC40059F27E4D473 /* Frameworks */,
			);
			sourceTree = "<group>";
		};
		FE927F391BAE41BC00233E96 /* Products */ = {
			isa = PBXGroup;
			children = (
				FE927F381BAE41BC00233E96 /* JSBProjectBase.app */,
				FE927F511BAE41BD00233E96 /* JSBProjectBaseTests.xctest */,
				FE927F5C1BAE41BD00233E96 /* JSBProjectBaseUITests.xctest */,
			);
			name = Products;
			sourceTree = "<group>";
		};
		FE927F3A1BAE41BC00233E96 /* JSBProjectBase */ = {
			isa = PBXGroup;
			children = (
				FE927F3E1BAE41BC00233E96 /* AppDelegate.h */,
				FE927F3F1BAE41BC00233E96 /* AppDelegate.m */,
				FE927F411BAE41BC00233E96 /* ViewController.h */,
				FE927F421BAE41BC00233E96 /* ViewController.m */,
				FE927F441BAE41BC00233E96 /* Main.storyboard */,
				FE927F471BAE41BD00233E96 /* Assets.xcassets */,
				FE927F491BAE41BD00233E96 /* LaunchScreen.storyboard */,
				FE927F4C1BAE41BD00233E96 /* Info.plist */,
				FE927F3B1BAE41BC00233E96 /* Supporting Files */,
			);
			path = JSBProjectBase;
			sourceTree = "<group>";
		};
		FE927F3B1BAE41BC00233E96 /* Supporting Files */ = {
			isa = PBXGroup;
			children = (
				FE927F3C1BAE41BC00233E96 /* main.m */,
			);
			name = "Supporting Files";
			sourceTree = "<group>";
		};
		FE927F541BAE41BD00233E96 /* JSBProjectBaseTests */ = {
			isa = PBXGroup;
			children = (
				FE927F551BAE41BD00233E96 /* JSBProjectBaseTests.m */,
				FE927F571BAE41BD00233E96 /* Info.plist */,
			);
			path = JSBProjectBaseTests;
			sourceTree = "<group>";
		};
		FE927F5F1BAE41BD00233E96 /* JSBProjectBaseUITests */ = {
			isa = PBXGroup;
			children = (
				FE927F601BAE41BD00233E96 /* JSBProjectBaseUITests.m */,
				FE927F621BAE41BD00233E96 /* Info.plist */,
			);
			path = JSBProjectBaseUITests;
			sourceTree = "<group>";
		};
/* End PBXGroup section */

/* Begin PBXNativeTarget section */
		FE927F371BAE41BC00233E96 /* JSBProjectBase */ = {
			isa = PBXNativeTarget;
			buildConfigurationList = FE927F651BAE41BD00233E96 /* Build configuration list for PBXNativeTarget "JSBProjectBase" */;
			buildPhases = (
				881DF5DB19A3C4B4A45840E6 /* Check Pods Manifest.lock */,
				FE927F341BAE41BC00233E96 /* Sources */,
				FE927F351BAE41BC00233E96 /* Frameworks */,
				FE927F361BAE41BC00233E96 /* Resources */,
				93B5909A4FFE42DDEDE3FBCD /* Copy Pods Resources */,
			);
			buildRules = (
			);
			dependencies = (
			);
			name = JSBProjectBase;
			productName = JSBProjectBase;
			productReference = FE927F381BAE41BC00233E96 /* JSBProjectBase.app */;
			productType = "com.apple.product-type.application";
		};
		FE927F501BAE41BD00233E96 /* JSBProjectBaseTests */ = {
			isa = PBXNativeTarget;
			buildConfigurationList = FE927F681BAE41BD00233E96 /* Build configuration list for PBXNativeTarget "JSBProjectBaseTests" */;
			buildPhases = (
				FE927F4D1BAE41BD00233E96 /* Sources */,
				FE927F4E1BAE41BD00233E96 /* Frameworks */,
				FE927F4F1BAE41BD00233E96 /* Resources */,
			);
			buildRules = (
			);
			dependencies = (
				FE927F531BAE41BD00233E96 /* PBXTargetDependency */,
			);
			name = JSBProjectBaseTests;
			productName = JSBProjectBaseTests;
			productReference = FE927F511BAE41BD00233E96 /* JSBProjectBaseTests.xctest */;
			productType = "com.apple.product-type.bundle.unit-test";
		};
		FE927F5B1BAE41BD00233E96 /* JSBProjectBaseUITests */ = {
			isa = PBXNativeTarget;
			buildConfigurationList = FE927F6B1BAE41BD00233E96 /* Build configuration list for PBXNativeTarget "JSBProjectBaseUITests" */;
			buildPhases = (
				FE927F581BAE41BD00233E96 /* Sources */,
				FE927F591BAE41BD00233E96 /* Frameworks */,
				FE927F5A1BAE41BD00233E96 /* Resources */,
			);
			buildRules = (
			);
			dependencies = (
				FE927F5E1BAE41BD00233E96 /* PBXTargetDependency */,
			);
			name = JSBProjectBaseUITests;
			productName = JSBProjectBaseUITests;
			productReference = FE927F5C1BAE41BD00233E96 /* JSBProjectBaseUITests.xctest */;
			productType = "com.apple.product-type.bundle.ui-testing";
		};
/* End PBXNativeTarget section */

/* Begin PBXProject section */
		FE927F301BAE41BC00233E96 /* Project object */ = {
			isa = PBXProject;
			attributes = {
				LastUpgradeCheck = 0700;
				ORGANIZATIONNAME = JungleSong;
				TargetAttributes = {
					FE927F371BAE41BC00233E96 = {
						CreatedOnToolsVersion = 7.0;
					};
					FE927F501BAE41BD00233E96 = {
						CreatedOnToolsVersion = 7.0;
						TestTargetID = FE927F371BAE41BC00233E96;
					};
					FE927F5B1BAE41BD00233E96 = {
						CreatedOnToolsVersion = 7.0;
						TestTargetID = FE927F371BAE41BC00233E96;
					};
				};
			};
			buildConfigurationList = FE927F331BAE41BC00233E96 /* Build configuration list for PBXProject "JSBProjectBase" */;
			compatibilityVersion = "Xcode 3.2";
			developmentRegion = English;
			hasScannedForEncodings = 0;
			knownRegions = (
				en,
				Base,
			);
			mainGroup = FE927F2F1BAE41BC00233E96;
			productRefGroup = FE927F391BAE41BC00233E96 /* Products */;
			projectDirPath = "";
			projectRoot = "";
			targets = (
				FE927F371BAE41BC00233E96 /* JSBProjectBase */,
				FE927F501BAE41BD00233E96 /* JSBProjectBaseTests */,
				FE927F5B1BAE41BD00233E96 /* JSBProjectBaseUITests */,
			);
		};
/* End PBXProject section */

/* Begin PBXResourcesBuildPhase section */
		FE927F361BAE41BC00233E96 /* Resources */ = {
			isa = PBXResourcesBuildPhase;
			buildActionMask = 2147483647;
			files = (
				FE927F4B1BAE41BD00233E96 /* LaunchScreen.storyboard in Resources */,
				FE927F481BAE41BD00233E96 /* Assets.xcassets in Resources */,
				FE927F461BAE41BC00233E96 /* Main.storyboard in Resources */,
			);
			runOnlyForDeploymentPostprocessing = 0;
		};
		FE927F4F1BAE41BD00233E96 /* Resources */ = {
			isa = PBXResourcesBuildPhase;
			buildActionMask = 2147483647;
			files = (
			);
			runOnlyForDeploymentPostprocessing = 0;
		};
		FE927F5A1BAE41BD00233E96 /* Resources */ = {
			isa = PBXResourcesBuildPhase;
			buildActionMask = 2147483647;
			files = (
			);
			runOnlyForDeploymentPostprocessing = 0;
		};
/* End PBXResourcesBuildPhase section */

/* Begin PBXShellScriptBuildPhase section */
		881DF5DB19A3C4B4A45840E6 /* Check Pods Manifest.lock */ = {
			isa = PBXShellScriptBuildPhase;
			buildActionMask = 2147483647;
			files = (
			);
			inputPaths = (
			);
			name = "Check Pods Manifest.lock";
			outputPaths = (
			);
			runOnlyForDeploymentPostprocessing = 0;
			shellPath = /bin/sh;
			shellScript = "diff \"${PODS_ROOT}/../Podfile.lock\" \"${PODS_ROOT}/Manifest.lock\" > /dev/null\nif [[ $? != 0 ]] ; then\n    cat << EOM\nerror: The sandbox is not in sync with the Podfile.lock. Run 'pod install' or update your CocoaPods installation.\nEOM\n    exit 1\nfi\n";
			showEnvVarsInLog = 0;
		};
		93B5909A4FFE42DDEDE3FBCD /* Copy Pods Resources */ = {
			isa = PBXShellScriptBuildPhase;
			buildActionMask = 2147483647;
			files = (
			);
			inputPaths = (
			);
			name = "Copy Pods Resources";
			outputPaths = (
			);
			runOnlyForDeploymentPostprocessing = 0;
			shellPath = /bin/sh;
			shellScript = "\"${SRCROOT}/Pods/Target Support Files/Pods/Pods-resources.sh\"\n";
			showEnvVarsInLog = 0;
		};
/* End PBXShellScriptBuildPhase section */

/* Begin PBXSourcesBuildPhase section */
		FE927F341BAE41BC00233E96 /* Sources */ = {
			isa = PBXSourcesBuildPhase;
			buildActionMask = 2147483647;
			files = (
				FE927F431BAE41BC00233E96 /* ViewController.m in Sources */,
				FE927F401BAE41BC00233E96 /* AppDelegate.m in Sources */,
				FE927F3D1BAE41BC00233E96 /* main.m in Sources */,
			);
			runOnlyForDeploymentPostprocessing = 0;
		};
		FE927F4D1BAE41BD00233E96 /* Sources */ = {
			isa = PBXSourcesBuildPhase;
			buildActionMask = 2147483647;
			files = (
				FE927F561BAE41BD00233E96 /* JSBProjectBaseTests.m in Sources */,
			);
			runOnlyForDeploymentPostprocessing = 0;
		};
		FE927F581BAE41BD00233E96 /* Sources */ = {
			isa = PBXSourcesBuildPhase;
			buildActionMask = 2147483647;
			files = (
				FE927F611BAE41BD00233E96 /* JSBProjectBaseUITests.m in Sources */,
			);
			runOnlyForDeploymentPostprocessing = 0;
		};
/* End PBXSourcesBuildPhase section */

/* Begin PBXTargetDependency section */
		FE927F531BAE41BD00233E96 /* PBXTargetDependency */ = {
			isa = PBXTargetDependency;
			target = FE927F371BAE41BC00233E96 /* JSBProjectBase */;
			targetProxy = FE927F521BAE41BD00233E96 /* PBXContainerItemProxy */;
		};
		FE927F5E1BAE41BD00233E96 /* PBXTargetDependency */ = {
			isa = PBXTargetDependency;
			target = FE927F371BAE41BC00233E96 /* JSBProjectBase */;
			targetProxy = FE927F5D1BAE41BD00233E96 /* PBXContainerItemProxy */;
		};
/* End PBXTargetDependency section */

/* Begin PBXVariantGroup section */
		FE927F441BAE41BC00233E96 /* Main.storyboard */ = {
			isa = PBXVariantGroup;
			children = (
				FE927F451BAE41BC00233E96 /* Base */,
			);
			name = Main.storyboard;
			sourceTree = "<group>";
		};
		FE927F491BAE41BD00233E96 /* LaunchScreen.storyboard */ = {
			isa = PBXVariantGroup;
			children = (
				FE927F4A1BAE41BD00233E96 /* Base */,
			);
			name = LaunchScreen.storyboard;
			sourceTree = "<group>";
		};
/* End PBXVariantGroup section */

/* Begin XCBuildConfiguration section */
		FE927F631BAE41BD00233E96 /* Debug */ = {
			isa = XCBuildConfiguration;
			buildSettings = {
				ALWAYS_SEARCH_USER_PATHS = NO;
				CLANG_CXX_LANGUAGE_STANDARD = "gnu++0x";
				CLANG_CXX_LIBRARY = "libc++";
				CLANG_ENABLE_MODULES = YES;
				CLANG_ENABLE_OBJC_ARC = YES;
				CLANG_WARN_BOOL_CONVERSION = YES;
				CLANG_WARN_CONSTANT_CONVERSION = YES;
				CLANG_WARN_DIRECT_OBJC_ISA_USAGE = YES_ERROR;
				CLANG_WARN_EMPTY_BODY = YES;
				CLANG_WARN_ENUM_CONVERSION = YES;
				CLANG_WARN_INT_CONVERSION = YES;
				CLANG_WARN_OBJC_ROOT_CLASS = YES_ERROR;
				CLANG_WARN_UNREACHABLE_CODE = YES;
				CLANG_WARN__DUPLICATE_METHOD_MATCH = YES;
				"CODE_SIGN_IDENTITY[sdk=iphoneos*]" = "iPhone Developer";
				COPY_PHASE_STRIP = NO;
				DEBUG_INFORMATION_FORMAT = dwarf;
				ENABLE_STRICT_OBJC_MSGSEND = YES;
				ENABLE_TESTABILITY = YES;
				GCC_C_LANGUAGE_STANDARD = gnu99;
				GCC_DYNAMIC_NO_PIC = NO;
				GCC_NO_COMMON_BLOCKS = YES;
				GCC_OPTIMIZATION_LEVEL = 0;
				GCC_PREPROCESSOR_DEFINITIONS = (
					"DEBUG=1",
					"$(inherited)",
				);
				GCC_WARN_64_TO_32_BIT_CONVERSION = YES;
				GCC_WARN_ABOUT_RETURN_TYPE = YES_ERROR;
				GCC_WARN_UNDECLARED_SELECTOR = YES;
				GCC_WARN_UNINITIALIZED_AUTOS = YES_AGGRESSIVE;
				GCC_WARN_UNUSED_FUNCTION = YES;
				GCC_WARN_UNUSED_VARIABLE = YES;
				IPHONEOS_DEPLOYMENT_TARGET = 9.0;
				MTL_ENABLE_DEBUG_INFO = YES;
				ONLY_ACTIVE_ARCH = YES;
				SDKROOT = iphoneos;
			};
			name = Debug;
		};
		FE927F641BAE41BD00233E96 /* Release */ = {
			isa = XCBuildConfiguration;
			buildSettings = {
				ALWAYS_SEARCH_USER_PATHS = NO;
				CLANG_CXX_LANGUAGE_STANDARD = "gnu++0x";
				CLANG_CXX_LIBRARY = "libc++";
				CLANG_ENABLE_MODULES = YES;
				CLANG_ENABLE_OBJC_ARC = YES;
				CLANG_WARN_BOOL_CONVERSION = YES;
				CLANG_WARN_CONSTANT_CONVERSION = YES;
				CLANG_WARN_DIRECT_OBJC_ISA_USAGE = YES_ERROR;
				CLANG_WARN_EMPTY_BODY = YES;
				CLANG_WARN_ENUM_CONVERSION = YES;
				CLANG_WARN_INT_CONVERSION = YES;
				CLANG_WARN_OBJC_ROOT_CLASS = YES_ERROR;
				CLANG_WARN_UNREACHABLE_CODE = YES;
				CLANG_WARN__DUPLICATE_METHOD_MATCH = YES;
				"CODE_SIGN_IDENTITY[sdk=iphoneos*]" = "iPhone Developer";
				COPY_PHASE_STRIP = NO;
				DEBUG_INFORMATION_FORMAT = "dwarf-with-dsym";
				ENABLE_NS_ASSERTIONS = NO;
				ENABLE_STRICT_OBJC_MSGSEND = YES;
				GCC_C_LANGUAGE_STANDARD = gnu99;
				GCC_NO_COMMON_BLOCKS = YES;
				GCC_WARN_64_TO_32_BIT_CONVERSION = YES;
				GCC_WARN_ABOUT_RETURN_TYPE = YES_ERROR;
				GCC_WARN_UNDECLARED_SELECTOR = YES;
				GCC_WARN_UNINITIALIZED_AUTOS = YES_AGGRESSIVE;
				GCC_WARN_UNUSED_FUNCTION = YES;
				GCC_WARN_UNUSED_VARIABLE = YES;
				IPHONEOS_DEPLOYMENT_TARGET = 9.0;
				MTL_ENABLE_DEBUG_INFO = NO;
				SDKROOT = iphoneos;
				VALIDATE_PRODUCT = YES;
			};
			name = Release;
		};
		FE927F661BAE41BD00233E96 /* Debug */ = {
			isa = XCBuildConfiguration;
			baseConfigurationReference = 476334E3194AC39784D798F5 /* Pods.debug.xcconfig */;
			buildSettings = {
				ASSETCATALOG_COMPILER_APPICON_NAME = AppIcon;
				INFOPLIST_FILE = JSBProjectBase/Info.plist;
				LD_RUNPATH_SEARCH_PATHS = "$(inherited) @executable_path/Frameworks";
				PRODUCT_BUNDLE_IDENTIFIER = com.junglesong.JSBProjectBase;
				PRODUCT_NAME = "$(TARGET_NAME)";
			};
			name = Debug;
		};
		FE927F671BAE41BD00233E96 /* Release */ = {
			isa = XCBuildConfiguration;
			baseConfigurationReference = 4521D41A0D2CB85E7DB2A7DB /* Pods.release.xcconfig */;
			buildSettings = {
				ASSETCATALOG_COMPILER_APPICON_NAME = AppIcon;
				INFOPLIST_FILE = JSBProjectBase/Info.plist;
				LD_RUNPATH_SEARCH_PATHS = "$(inherited) @executable_path/Frameworks";
				PRODUCT_BUNDLE_IDENTIFIER = com.junglesong.JSBProjectBase;
				PRODUCT_NAME = "$(TARGET_NAME)";
			};
			name = Release;
		};
		FE927F691BAE41BD00233E96 /* Debug */ = {
			isa = XCBuildConfiguration;
			buildSettings = {
				BUNDLE_LOADER = "$(TEST_HOST)";
				INFOPLIST_FILE = JSBProjectBaseTests/Info.plist;
				LD_RUNPATH_SEARCH_PATHS = "$(inherited) @executable_path/Frameworks @loader_path/Frameworks";
				PRODUCT_BUNDLE_IDENTIFIER = com.junglesong.JSBProjectBaseTests;
				PRODUCT_NAME = "$(TARGET_NAME)";
				TEST_HOST = "$(BUILT_PRODUCTS_DIR)/JSBProjectBase.app/JSBProjectBase";
			};
			name = Debug;
		};
		FE927F6A1BAE41BD00233E96 /* Release */ = {
			isa = XCBuildConfiguration;
			buildSettings = {
				BUNDLE_LOADER = "$(TEST_HOST)";
				INFOPLIST_FILE = JSBProjectBaseTests/Info.plist;
				LD_RUNPATH_SEARCH_PATHS = "$(inherited) @executable_path/Frameworks @loader_path/Frameworks";
				PRODUCT_BUNDLE_IDENTIFIER = com.junglesong.JSBProjectBaseTests;
				PRODUCT_NAME = "$(TARGET_NAME)";
				TEST_HOST = "$(BUILT_PRODUCTS_DIR)/JSBProjectBase.app/JSBProjectBase";
			};
			name = Release;
		};
		FE927F6C1BAE41BD00233E96 /* Debug */ = {
			isa = XCBuildConfiguration;
			buildSettings = {
				INFOPLIST_FILE = JSBProjectBaseUITests/Info.plist;
				LD_RUNPATH_SEARCH_PATHS = "$(inherited) @executable_path/Frameworks @loader_path/Frameworks";
				PRODUCT_BUNDLE_IDENTIFIER = com.junglesong.JSBProjectBaseUITests;
				PRODUCT_NAME = "$(TARGET_NAME)";
				TEST_TARGET_NAME = JSBProjectBase;
				USES_XCTRUNNER = YES;
			};
			name = Debug;
		};
		FE927F6D1BAE41BD00233E96 /* Release */ = {
			isa = XCBuildConfiguration;
			buildSettings = {
				INFOPLIST_FILE = JSBProjectBaseUITests/Info.plist;
				LD_RUNPATH_SEARCH_PATHS = "$(inherited) @executable_path/Frameworks @loader_path/Frameworks";
				PRODUCT_BUNDLE_IDENTIFIER = com.junglesong.JSBProjectBaseUITests;
				PRODUCT_NAME = "$(TARGET_NAME)";
				TEST_TARGET_NAME = JSBProjectBase;
				USES_XCTRUNNER = YES;
			};
			name = Release;
		};
/* End XCBuildConfiguration section */

/* Begin XCConfigurationList section */
		FE927F331BAE41BC00233E96 /* Build configuration list for PBXProject "JSBProjectBase" */ = {
			isa = XCConfigurationList;
			buildConfigurations = (
				FE927F631BAE41BD00233E96 /* Debug */,
				FE927F641BAE41BD00233E96 /* Release */,
			);
			defaultConfigurationIsVisible = 0;
			defaultConfigurationName = Release;
		};
		FE927F651BAE41BD00233E96 /* Build configuration list for PBXNativeTarget "JSBProjectBase" */ = {
			isa = XCConfigurationList;
			buildConfigurations = (
				FE927F661BAE41BD00233E96 /* Debug */,
				FE927F671BAE41BD00233E96 /* Release */,
			);
			defaultConfigurationIsVisible = 0;
			defaultConfigurationName = Release;
		};
		FE927F681BAE41BD00233E96 /* Build configuration list for PBXNativeTarget "JSBProjectBaseTests" */ = {
			isa = XCConfigurationList;
			buildConfigurations = (
				FE927F691BAE41BD00233E96 /* Debug */,
				FE927F6A1BAE41BD00233E96 /* Release */,
			);
			defaultConfigurationIsVisible = 0;
			defaultConfigurationName = Release;
		};
		FE927F6B1BAE41BD00233E96 /* Build configuration list for PBXNativeTarget "JSBProjectBaseUITests" */ = {
			isa = XCConfigurationList;
			buildConfigurations = (
				FE927F6C1BAE41BD00233E96 /* Debug */,
				FE927F6D1BAE41BD00233E96 /* Release */,
			);
			defaultConfigurationIsVisible = 0;
			defaultConfigurationName = Release;
		};
/* End XCConfigurationList section */
	};
	rootObject = FE927F301BAE41BC00233E96 /* Project object */;
}
